
Microsoft Visual Studio Solution File, Format Version 12.00
# Visual Studio Version 16
VisualStudioVersion = 16.0.31624.102
MinimumVisualStudioVersion = 10.0.40219.1
Project("{FAE04EC0-301F-11D3-BF4B-00C04F79EFBC}") = "ClientCFC-P4-087", "ClientCFC-P4-087\ClientCFC-P4-087.csproj", "{8EB071A2-78E6-4C4F-AA7D-C3FACACECF23}"
EndProject
Global
	GlobalSection(SolutionConfigurationPlatforms) = preSolution
		Debug|Any CPU = Debug|Any CPU
		Release|Any CPU = Release|Any CPU
	EndGlobalSection
	GlobalSection(ProjectConfigurationPlatforms) = postSolution
		{8EB071A2-78E6-4C4F-AA7D-C3FACACECF23}.Debug|Any CPU.ActiveCfg = Debug|Any CPU
		{8EB071A2-78E6-4C4F-AA7D-C3FACACECF23}.Debug|Any CPU.Build.0 = Debug|Any CPU
		{8EB071A2-78E6-4C4F-AA7D-C3FACACECF23}.Release|Any CPU.ActiveCfg = Release|Any CPU
		{8EB071A2-78E6-4C4F-AA7D-C3FACACECF23}.Release|Any CPU.Build.0 = Release|Any CPU
	EndGlobalSection
	GlobalSection(SolutionProperties) = preSolution
		HideSolutionNode = FALSE
	EndGlobalSection
	GlobalSection(ExtensibilityGlobals) = postSolution
		SolutionGuid = {9B0AFA32-A896-41B0-A71E-4D5FEDD57B6D}
	EndGlobalSection
EndGlobal
